// !$*UTF8*$!
{
	archiveVersion = 1;
	classes = {
	};
	objectVersion = 56;
	objects = {

/* Begin PBXBuildFile section */
		55B000142B9439710046256E /* WeatherInfoView.swift in Sources */ = {isa = PBXBuildFile; fileRef = 55B000132B9439710046256E /* WeatherInfoView.swift */; };
		55B000162B9459B80046256E /* ImageDownloader.swift in Sources */ = {isa = PBXBuildFile; fileRef = 55B000152B9459B80046256E /* ImageDownloader.swift */; };
		55B000182B9465C40046256E /* AddressSearchCell.swift in Sources */ = {isa = PBXBuildFile; fileRef = 55B000172B9465C40046256E /* AddressSearchCell.swift */; };
		55B0001A2B9489610046256E /* BottomTabView.swift in Sources */ = {isa = PBXBuildFile; fileRef = 55B000192B9489610046256E /* BottomTabView.swift */; };
		55B0001E2B94D7C50046256E /* WTToast.swift in Sources */ = {isa = PBXBuildFile; fileRef = 55B0001D2B94D7C50046256E /* WTToast.swift */; };
		55B000342B94FC850046256E /* ReactiveSwift.framework in Frameworks */ = {isa = PBXBuildFile; fileRef = 55B000332B94FC850046256E /* ReactiveSwift.framework */; };
		55B000352B94FC850046256E /* ReactiveSwift.framework in Embed Frameworks */ = {isa = PBXBuildFile; fileRef = 55B000332B94FC850046256E /* ReactiveSwift.framework */; settings = {ATTRIBUTES = (CodeSignOnCopy, RemoveHeadersOnCopy, ); }; };
		55E46B1F2B95004C00346890 /* Reachability in Frameworks */ = {isa = PBXBuildFile; productRef = 55E46B1E2B95004C00346890 /* Reachability */; };
		97730C5D8372F357689D5F2B /* Pods_Weather_Tracking_App.framework in Frameworks */ = {isa = PBXBuildFile; fileRef = 061760F6815652AC08A193E9 /* Pods_Weather_Tracking_App.framework */; };
		D655E47F2B915A4B00F0FC35 /* AppDelegate.swift in Sources */ = {isa = PBXBuildFile; fileRef = D655E47E2B915A4B00F0FC35 /* AppDelegate.swift */; };
		D655E4812B915A4B00F0FC35 /* SceneDelegate.swift in Sources */ = {isa = PBXBuildFile; fileRef = D655E4802B915A4B00F0FC35 /* SceneDelegate.swift */; };
		D655E4832B915A4B00F0FC35 /* LandingPageViewController.swift in Sources */ = {isa = PBXBuildFile; fileRef = D655E4822B915A4B00F0FC35 /* LandingPageViewController.swift */; };
		D655E4882B915A4C00F0FC35 /* Assets.xcassets in Resources */ = {isa = PBXBuildFile; fileRef = D655E4872B915A4C00F0FC35 /* Assets.xcassets */; };
		D655E48B2B915A4C00F0FC35 /* LaunchScreen.storyboard in Resources */ = {isa = PBXBuildFile; fileRef = D655E4892B915A4C00F0FC35 /* LaunchScreen.storyboard */; };
		D655E4942B915E0400F0FC35 /* UIKitExtensions.swift in Sources */ = {isa = PBXBuildFile; fileRef = D655E4932B915E0400F0FC35 /* UIKitExtensions.swift */; };
		D655E4982B9160C200F0FC35 /* WeatherServiceManager.swift in Sources */ = {isa = PBXBuildFile; fileRef = D655E4972B9160C200F0FC35 /* WeatherServiceManager.swift */; };
		D655E49B2B9167BC00F0FC35 /* WeatherModel.swift in Sources */ = {isa = PBXBuildFile; fileRef = D655E49A2B9167BC00F0FC35 /* WeatherModel.swift */; };
		D655E49D2B916F3400F0FC35 /* LandingPageViewModel.swift in Sources */ = {isa = PBXBuildFile; fileRef = D655E49C2B916F3400F0FC35 /* LandingPageViewModel.swift */; };
/* End PBXBuildFile section */

/* Begin PBXContainerItemProxy section */
		55B000272B94F9810046256E /* PBXContainerItemProxy */ = {
			isa = PBXContainerItemProxy;
			containerPortal = D655E4732B915A4B00F0FC35 /* Project object */;
			proxyType = 1;
			remoteGlobalIDString = D655E47A2B915A4B00F0FC35;
			remoteInfo = "Weather Tracking App";
		};
/* End PBXContainerItemProxy section */

/* Begin PBXCopyFilesBuildPhase section */
		55B000362B94FC850046256E /* Embed Frameworks */ = {
			isa = PBXCopyFilesBuildPhase;
			buildActionMask = 8;
			dstPath = "";
			dstSubfolderSpec = 10;
			files = (
				55B000352B94FC850046256E /* ReactiveSwift.framework in Embed Frameworks */,
			);
			name = "Embed Frameworks";
			runOnlyForDeploymentPostprocessing = 1;
		};
/* End PBXCopyFilesBuildPhase section */

/* Begin PBXFileReference section */
		05508A3854592FA251BEF970 /* Pods-Weather Tracking App.release.xcconfig */ = {isa = PBXFileReference; includeInIndex = 1; lastKnownFileType = text.xcconfig; name = "Pods-Weather Tracking App.release.xcconfig"; path = "Target Support Files/Pods-Weather Tracking App/Pods-Weather Tracking App.release.xcconfig"; sourceTree = "<group>"; };
		061760F6815652AC08A193E9 /* Pods_Weather_Tracking_App.framework */ = {isa = PBXFileReference; explicitFileType = wrapper.framework; includeInIndex = 0; path = Pods_Weather_Tracking_App.framework; sourceTree = BUILT_PRODUCTS_DIR; };
		55B000132B9439710046256E /* WeatherInfoView.swift */ = {isa = PBXFileReference; lastKnownFileType = sourcecode.swift; path = WeatherInfoView.swift; sourceTree = "<group>"; };
		55B000152B9459B80046256E /* ImageDownloader.swift */ = {isa = PBXFileReference; lastKnownFileType = sourcecode.swift; path = ImageDownloader.swift; sourceTree = "<group>"; };
		55B000172B9465C40046256E /* AddressSearchCell.swift */ = {isa = PBXFileReference; lastKnownFileType = sourcecode.swift; path = AddressSearchCell.swift; sourceTree = "<group>"; };
		55B000192B9489610046256E /* BottomTabView.swift */ = {isa = PBXFileReference; lastKnownFileType = sourcecode.swift; path = BottomTabView.swift; sourceTree = "<group>"; };
		55B0001D2B94D7C50046256E /* WTToast.swift */ = {isa = PBXFileReference; lastKnownFileType = sourcecode.swift; path = WTToast.swift; sourceTree = "<group>"; };
		55B000232B94F9810046256E /* Weather Tracking AppTests.xctest */ = {isa = PBXFileReference; explicitFileType = wrapper.cfbundle; includeInIndex = 0; path = "Weather Tracking AppTests.xctest"; sourceTree = BUILT_PRODUCTS_DIR; };
		55B000332B94FC850046256E /* ReactiveSwift.framework */ = {isa = PBXFileReference; explicitFileType = wrapper.framework; path = ReactiveSwift.framework; sourceTree = BUILT_PRODUCTS_DIR; };
		B3C56C4E18692CEEF40928CD /* Pods-Weather Tracking App.debug.xcconfig */ = {isa = PBXFileReference; includeInIndex = 1; lastKnownFileType = text.xcconfig; name = "Pods-Weather Tracking App.debug.xcconfig"; path = "Target Support Files/Pods-Weather Tracking App/Pods-Weather Tracking App.debug.xcconfig"; sourceTree = "<group>"; };
		D655E47B2B915A4B00F0FC35 /* Weather Tracking App.app */ = {isa = PBXFileReference; explicitFileType = wrapper.application; includeInIndex = 0; path = "Weather Tracking App.app"; sourceTree = BUILT_PRODUCTS_DIR; };
		D655E47E2B915A4B00F0FC35 /* AppDelegate.swift */ = {isa = PBXFileReference; lastKnownFileType = sourcecode.swift; path = AppDelegate.swift; sourceTree = "<group>"; };
		D655E4802B915A4B00F0FC35 /* SceneDelegate.swift */ = {isa = PBXFileReference; lastKnownFileType = sourcecode.swift; path = SceneDelegate.swift; sourceTree = "<group>"; };
		D655E4822B915A4B00F0FC35 /* LandingPageViewController.swift */ = {isa = PBXFileReference; lastKnownFileType = sourcecode.swift; path = LandingPageViewController.swift; sourceTree = "<group>"; };
		D655E4872B915A4C00F0FC35 /* Assets.xcassets */ = {isa = PBXFileReference; lastKnownFileType = folder.assetcatalog; path = Assets.xcassets; sourceTree = "<group>"; };
		D655E48A2B915A4C00F0FC35 /* Base */ = {isa = PBXFileReference; lastKnownFileType = file.storyboard; name = Base; path = Base.lproj/LaunchScreen.storyboard; sourceTree = "<group>"; };
		D655E48C2B915A4C00F0FC35 /* Info.plist */ = {isa = PBXFileReference; lastKnownFileType = text.plist.xml; path = Info.plist; sourceTree = "<group>"; };
		D655E4932B915E0400F0FC35 /* UIKitExtensions.swift */ = {isa = PBXFileReference; lastKnownFileType = sourcecode.swift; path = UIKitExtensions.swift; sourceTree = "<group>"; };
		D655E4972B9160C200F0FC35 /* WeatherServiceManager.swift */ = {isa = PBXFileReference; lastKnownFileType = sourcecode.swift; path = WeatherServiceManager.swift; sourceTree = "<group>"; };
		D655E49A2B9167BC00F0FC35 /* WeatherModel.swift */ = {isa = PBXFileReference; lastKnownFileType = sourcecode.swift; path = WeatherModel.swift; sourceTree = "<group>"; };
		D655E49C2B916F3400F0FC35 /* LandingPageViewModel.swift */ = {isa = PBXFileReference; lastKnownFileType = sourcecode.swift; path = LandingPageViewModel.swift; sourceTree = "<group>"; };
/* End PBXFileReference section */

/* Begin PBXFrameworksBuildPhase section */
		55B000202B94F9810046256E /* Frameworks */ = {
			isa = PBXFrameworksBuildPhase;
			buildActionMask = 2147483647;
			files = (
				55B000342B94FC850046256E /* ReactiveSwift.framework in Frameworks */,
			);
			runOnlyForDeploymentPostprocessing = 0;
		};
		D655E4782B915A4B00F0FC35 /* Frameworks */ = {
			isa = PBXFrameworksBuildPhase;
			buildActionMask = 2147483647;
			files = (
				97730C5D8372F357689D5F2B /* Pods_Weather_Tracking_App.framework in Frameworks */,
				55E46B1F2B95004C00346890 /* Reachability in Frameworks */,
			);
			runOnlyForDeploymentPostprocessing = 0;
		};
/* End PBXFrameworksBuildPhase section */

/* Begin PBXGroup section */
		33808254453CF2E389F318F6 /* Pods */ = {
			isa = PBXGroup;
			children = (
				B3C56C4E18692CEEF40928CD /* Pods-Weather Tracking App.debug.xcconfig */,
				05508A3854592FA251BEF970 /* Pods-Weather Tracking App.release.xcconfig */,
			);
			path = Pods;
			sourceTree = "<group>";
		};
		55B000122B9439500046256E /* View */ = {
			isa = PBXGroup;
			children = (
				55B000132B9439710046256E /* WeatherInfoView.swift */,
				55B000192B9489610046256E /* BottomTabView.swift */,
				55B000172B9465C40046256E /* AddressSearchCell.swift */,
			);
			path = View;
			sourceTree = "<group>";
		};
		C31FD373ED2DD7E91B68A162 /* Frameworks */ = {
			isa = PBXGroup;
			children = (
				55B000332B94FC850046256E /* ReactiveSwift.framework */,
				061760F6815652AC08A193E9 /* Pods_Weather_Tracking_App.framework */,
			);
			name = Frameworks;
			sourceTree = "<group>";
		};
		D655E4722B915A4B00F0FC35 = {
			isa = PBXGroup;
			children = (
				D655E47D2B915A4B00F0FC35 /* Weather Tracking App */,
				D655E47C2B915A4B00F0FC35 /* Products */,
				33808254453CF2E389F318F6 /* Pods */,
				C31FD373ED2DD7E91B68A162 /* Frameworks */,
			);
			sourceTree = "<group>";
		};
		D655E47C2B915A4B00F0FC35 /* Products */ = {
			isa = PBXGroup;
			children = (
				D655E47B2B915A4B00F0FC35 /* Weather Tracking App.app */,
				55B000232B94F9810046256E /* Weather Tracking AppTests.xctest */,
			);
			name = Products;
			sourceTree = "<group>";
		};
		D655E47D2B915A4B00F0FC35 /* Weather Tracking App */ = {
			isa = PBXGroup;
			children = (
				D655E47E2B915A4B00F0FC35 /* AppDelegate.swift */,
				D655E4802B915A4B00F0FC35 /* SceneDelegate.swift */,
				D655E4992B91679D00F0FC35 /* WeatherModel */,
				D655E4952B915E2500F0FC35 /* LandingPage */,
				D655E4922B915DE200F0FC35 /* Utils */,
				D655E4872B915A4C00F0FC35 /* Assets.xcassets */,
				D655E4892B915A4C00F0FC35 /* LaunchScreen.storyboard */,
				D655E48C2B915A4C00F0FC35 /* Info.plist */,
			);
			path = "Weather Tracking App";
			sourceTree = "<group>";
		};
		D655E4922B915DE200F0FC35 /* Utils */ = {
			isa = PBXGroup;
			children = (
				D655E4932B915E0400F0FC35 /* UIKitExtensions.swift */,
				55B0001D2B94D7C50046256E /* WTToast.swift */,
			);
			path = Utils;
			sourceTree = "<group>";
		};
		D655E4952B915E2500F0FC35 /* LandingPage */ = {
			isa = PBXGroup;
			children = (
				55B000122B9439500046256E /* View */,
				D655E4822B915A4B00F0FC35 /* LandingPageViewController.swift */,
				D655E49C2B916F3400F0FC35 /* LandingPageViewModel.swift */,
			);
			path = LandingPage;
			sourceTree = "<group>";
		};
		D655E4962B915E4D00F0FC35 /* WeatherService */ = {
			isa = PBXGroup;
			children = (
				D655E4972B9160C200F0FC35 /* WeatherServiceManager.swift */,
				55B000152B9459B80046256E /* ImageDownloader.swift */,
			);
			path = WeatherService;
			sourceTree = "<group>";
		};
		D655E4992B91679D00F0FC35 /* WeatherModel */ = {
			isa = PBXGroup;
			children = (
				D655E49A2B9167BC00F0FC35 /* WeatherModel.swift */,
				D655E4962B915E4D00F0FC35 /* WeatherService */,
			);
			path = WeatherModel;
			sourceTree = "<group>";
		};
/* End PBXGroup section */

/* Begin PBXNativeTarget section */
		55B000222B94F9810046256E /* Weather Tracking AppTests */ = {
			isa = PBXNativeTarget;
			buildConfigurationList = 55B000292B94F9810046256E /* Build configuration list for PBXNativeTarget "Weather Tracking AppTests" */;
			buildPhases = (
				55B0001F2B94F9810046256E /* Sources */,
				55B000202B94F9810046256E /* Frameworks */,
				55B000212B94F9810046256E /* Resources */,
				55B000362B94FC850046256E /* Embed Frameworks */,
			);
			buildRules = (
			);
			dependencies = (
				55B000282B94F9810046256E /* PBXTargetDependency */,
			);
			name = "Weather Tracking AppTests";
			productName = "Weather Tracking AppTests";
			productReference = 55B000232B94F9810046256E /* Weather Tracking AppTests.xctest */;
			productType = "com.apple.product-type.bundle.unit-test";
		};
		D655E47A2B915A4B00F0FC35 /* Weather Tracking App */ = {
			isa = PBXNativeTarget;
			buildConfigurationList = D655E48F2B915A4C00F0FC35 /* Build configuration list for PBXNativeTarget "Weather Tracking App" */;
			buildPhases = (
				28B03852EE5EB61AA65D609B /* [CP] Check Pods Manifest.lock */,
				D655E4772B915A4B00F0FC35 /* Sources */,
				D655E4782B915A4B00F0FC35 /* Frameworks */,
				D655E4792B915A4B00F0FC35 /* Resources */,
				8A5DC546A5BB3F7CE6B2466D /* [CP] Embed Pods Frameworks */,
			);
			buildRules = (
			);
			dependencies = (
			);
			name = "Weather Tracking App";
			packageProductDependencies = (
				55E46B1E2B95004C00346890 /* Reachability */,
			);
			productName = "Weather Tracking App";
			productReference = D655E47B2B915A4B00F0FC35 /* Weather Tracking App.app */;
			productType = "com.apple.product-type.application";
		};
/* End PBXNativeTarget section */

/* Begin PBXProject section */
		D655E4732B915A4B00F0FC35 /* Project object */ = {
			isa = PBXProject;
			attributes = {
				BuildIndependentTargetsInParallel = 1;
				LastSwiftUpdateCheck = 1520;
				LastUpgradeCheck = 1410;
				TargetAttributes = {
					55B000222B94F9810046256E = {
						CreatedOnToolsVersion = 15.2;
						TestTargetID = D655E47A2B915A4B00F0FC35;
					};
					D655E47A2B915A4B00F0FC35 = {
						CreatedOnToolsVersion = 14.1;
					};
				};
			};
			buildConfigurationList = D655E4762B915A4B00F0FC35 /* Build configuration list for PBXProject "Weather Tracking App" */;
			compatibilityVersion = "Xcode 14.0";
			developmentRegion = en;
			hasScannedForEncodings = 0;
			knownRegions = (
				en,
				Base,
			);
			mainGroup = D655E4722B915A4B00F0FC35;
			packageReferences = (
				55E46B1D2B95004C00346890 /* XCRemoteSwiftPackageReference "Reachability" */,
			);
			productRefGroup = D655E47C2B915A4B00F0FC35 /* Products */;
			projectDirPath = "";
			projectRoot = "";
			targets = (
				D655E47A2B915A4B00F0FC35 /* Weather Tracking App */,
				55B000222B94F9810046256E /* Weather Tracking AppTests */,
			);
		};
/* End PBXProject section */

/* Begin PBXResourcesBuildPhase section */
		55B000212B94F9810046256E /* Resources */ = {
			isa = PBXResourcesBuildPhase;
			buildActionMask = 2147483647;
			files = (
			);
			runOnlyForDeploymentPostprocessing = 0;
		};
		D655E4792B915A4B00F0FC35 /* Resources */ = {
			isa = PBXResourcesBuildPhase;
			buildActionMask = 2147483647;
			files = (
				D655E48B2B915A4C00F0FC35 /* LaunchScreen.storyboard in Resources */,
				D655E4882B915A4C00F0FC35 /* Assets.xcassets in Resources */,
			);
			runOnlyForDeploymentPostprocessing = 0;
		};
/* End PBXResourcesBuildPhase section */

/* Begin PBXShellScriptBuildPhase section */
		28B03852EE5EB61AA65D609B /* [CP] Check Pods Manifest.lock */ = {
			isa = PBXShellScriptBuildPhase;
			buildActionMask = 2147483647;
			files = (
			);
			inputFileListPaths = (
			);
			inputPaths = (
				"${PODS_PODFILE_DIR_PATH}/Podfile.lock",
				"${PODS_ROOT}/Manifest.lock",
			);
			name = "[CP] Check Pods Manifest.lock";
			outputFileListPaths = (
			);
			outputPaths = (
				"$(DERIVED_FILE_DIR)/Pods-Weather Tracking App-checkManifestLockResult.txt",
			);
			runOnlyForDeploymentPostprocessing = 0;
			shellPath = /bin/sh;
			shellScript = "diff \"${PODS_PODFILE_DIR_PATH}/Podfile.lock\" \"${PODS_ROOT}/Manifest.lock\" > /dev/null\nif [ $? != 0 ] ; then\n    # print error to STDERR\n    echo \"error: The sandbox is not in sync with the Podfile.lock. Run 'pod install' or update your CocoaPods installation.\" >&2\n    exit 1\nfi\n# This output is used by Xcode 'outputs' to avoid re-running this script phase.\necho \"SUCCESS\" > \"${SCRIPT_OUTPUT_FILE_0}\"\n";
			showEnvVarsInLog = 0;
		};
		8A5DC546A5BB3F7CE6B2466D /* [CP] Embed Pods Frameworks */ = {
			isa = PBXShellScriptBuildPhase;
			buildActionMask = 2147483647;
			files = (
			);
			inputFileListPaths = (
				"${PODS_ROOT}/Target Support Files/Pods-Weather Tracking App/Pods-Weather Tracking App-frameworks-${CONFIGURATION}-input-files.xcfilelist",
			);
			name = "[CP] Embed Pods Frameworks";
			outputFileListPaths = (
				"${PODS_ROOT}/Target Support Files/Pods-Weather Tracking App/Pods-Weather Tracking App-frameworks-${CONFIGURATION}-output-files.xcfilelist",
			);
			runOnlyForDeploymentPostprocessing = 0;
			shellPath = /bin/sh;
			shellScript = "\"${PODS_ROOT}/Target Support Files/Pods-Weather Tracking App/Pods-Weather Tracking App-frameworks.sh\"\n";
			showEnvVarsInLog = 0;
		};
/* End PBXShellScriptBuildPhase section */

/* Begin PBXSourcesBuildPhase section */
		55B0001F2B94F9810046256E /* Sources */ = {
			isa = PBXSourcesBuildPhase;
			buildActionMask = 2147483647;
			files = (
			);
			runOnlyForDeploymentPostprocessing = 0;
		};
		D655E4772B915A4B00F0FC35 /* Sources */ = {
			isa = PBXSourcesBuildPhase;
			buildActionMask = 2147483647;
			files = (
				55B0001A2B9489610046256E /* BottomTabView.swift in Sources */,
				D655E49D2B916F3400F0FC35 /* LandingPageViewModel.swift in Sources */,
				55B0001E2B94D7C50046256E /* WTToast.swift in Sources */,
				D655E4832B915A4B00F0FC35 /* LandingPageViewController.swift in Sources */,
				D655E47F2B915A4B00F0FC35 /* AppDelegate.swift in Sources */,
				D655E4942B915E0400F0FC35 /* UIKitExtensions.swift in Sources */,
				55B000182B9465C40046256E /* AddressSearchCell.swift in Sources */,
				D655E4982B9160C200F0FC35 /* WeatherServiceManager.swift in Sources */,
				D655E49B2B9167BC00F0FC35 /* WeatherModel.swift in Sources */,
				D655E4812B915A4B00F0FC35 /* SceneDelegate.swift in Sources */,
				55B000162B9459B80046256E /* ImageDownloader.swift in Sources */,
				55B000142B9439710046256E /* WeatherInfoView.swift in Sources */,
			);
			runOnlyForDeploymentPostprocessing = 0;
		};
/* End PBXSourcesBuildPhase section */

/* Begin PBXTargetDependency section */
		55B000282B94F9810046256E /* PBXTargetDependency */ = {
			isa = PBXTargetDependency;
			target = D655E47A2B915A4B00F0FC35 /* Weather Tracking App */;
			targetProxy = 55B000272B94F9810046256E /* PBXContainerItemProxy */;
		};
/* End PBXTargetDependency section */

/* Begin PBXVariantGroup section */
		D655E4892B915A4C00F0FC35 /* LaunchScreen.storyboard */ = {
			isa = PBXVariantGroup;
			children = (
				D655E48A2B915A4C00F0FC35 /* Base */,
			);
			name = LaunchScreen.storyboard;
			sourceTree = "<group>";
		};
/* End PBXVariantGroup section */

/* Begin XCBuildConfiguration section */
		55B0002A2B94F9810046256E /* Debug */ = {
			isa = XCBuildConfiguration;
			buildSettings = {
				ASSETCATALOG_COMPILER_GENERATE_SWIFT_ASSET_SYMBOL_EXTENSIONS = YES;
				BUNDLE_LOADER = "$(TEST_HOST)";
				CODE_SIGN_STYLE = Automatic;
				CURRENT_PROJECT_VERSION = 1;
				DEVELOPMENT_TEAM = 7JBWAX3SM3;
				ENABLE_USER_SCRIPT_SANDBOXING = YES;
				GCC_C_LANGUAGE_STANDARD = gnu17;
				GENERATE_INFOPLIST_FILE = YES;
				IPHONEOS_DEPLOYMENT_TARGET = 17.2;
				LOCALIZATION_PREFERS_STRING_CATALOGS = YES;
				MARKETING_VERSION = 1.0;
				PRODUCT_BUNDLE_IDENTIFIER = "com.ronMehedi.Weather-Tracking-AppTests";
				PRODUCT_NAME = "$(TARGET_NAME)";
				SWIFT_ACTIVE_COMPILATION_CONDITIONS = "DEBUG $(inherited)";
				SWIFT_EMIT_LOC_STRINGS = NO;
				SWIFT_VERSION = 5.0;
				TARGETED_DEVICE_FAMILY = "1,2";
				TEST_HOST = "$(BUILT_PRODUCTS_DIR)/Weather Tracking App.app/$(BUNDLE_EXECUTABLE_FOLDER_PATH)/Weather Tracking App";
			};
			name = Debug;
		};
		55B0002B2B94F9810046256E /* Release */ = {
			isa = XCBuildConfiguration;
			buildSettings = {
				ASSETCATALOG_COMPILER_GENERATE_SWIFT_ASSET_SYMBOL_EXTENSIONS = YES;
				BUNDLE_LOADER = "$(TEST_HOST)";
				CODE_SIGN_STYLE = Automatic;
				CURRENT_PROJECT_VERSION = 1;
				DEVELOPMENT_TEAM = 7JBWAX3SM3;
				ENABLE_USER_SCRIPT_SANDBOXING = YES;
				GCC_C_LANGUAGE_STANDARD = gnu17;
				GENERATE_INFOPLIST_FILE = YES;
				IPHONEOS_DEPLOYMENT_TARGET = 17.2;
				LOCALIZATION_PREFERS_STRING_CATALOGS = YES;
				MARKETING_VERSION = 1.0;
				PRODUCT_BUNDLE_IDENTIFIER = "com.ronMehedi.Weather-Tracking-AppTests";
				PRODUCT_NAME = "$(TARGET_NAME)";
				SWIFT_EMIT_LOC_STRINGS = NO;
				SWIFT_VERSION = 5.0;
				TARGETED_DEVICE_FAMILY = "1,2";
				TEST_HOST = "$(BUILT_PRODUCTS_DIR)/Weather Tracking App.app/$(BUNDLE_EXECUTABLE_FOLDER_PATH)/Weather Tracking App";
			};
			name = Release;
		};
		D655E48D2B915A4C00F0FC35 /* Debug */ = {
			isa = XCBuildConfiguration;
			buildSettings = {
				ALWAYS_SEARCH_USER_PATHS = NO;
				CLANG_ANALYZER_NONNULL = YES;
				CLANG_ANALYZER_NUMBER_OBJECT_CONVERSION = YES_AGGRESSIVE;
				CLANG_CXX_LANGUAGE_STANDARD = "gnu++20";
				CLANG_ENABLE_MODULES = YES;
				CLANG_ENABLE_OBJC_ARC = YES;
				CLANG_ENABLE_OBJC_WEAK = YES;
				CLANG_WARN_BLOCK_CAPTURE_AUTORELEASING = YES;
				CLANG_WARN_BOOL_CONVERSION = YES;
				CLANG_WARN_COMMA = YES;
				CLANG_WARN_CONSTANT_CONVERSION = YES;
				CLANG_WARN_DEPRECATED_OBJC_IMPLEMENTATIONS = YES;
				CLANG_WARN_DIRECT_OBJC_ISA_USAGE = YES_ERROR;
				CLANG_WARN_DOCUMENTATION_COMMENTS = YES;
				CLANG_WARN_EMPTY_BODY = YES;
				CLANG_WARN_ENUM_CONVERSION = YES;
				CLANG_WARN_INFINITE_RECURSION = YES;
				CLANG_WARN_INT_CONVERSION = YES;
				CLANG_WARN_NON_LITERAL_NULL_CONVERSION = YES;
				CLANG_WARN_OBJC_IMPLICIT_RETAIN_SELF = YES;
				CLANG_WARN_OBJC_LITERAL_CONVERSION = YES;
				CLANG_WARN_OBJC_ROOT_CLASS = YES_ERROR;
				CLANG_WARN_QUOTED_INCLUDE_IN_FRAMEWORK_HEADER = YES;
				CLANG_WARN_RANGE_LOOP_ANALYSIS = YES;
				CLANG_WARN_STRICT_PROTOTYPES = YES;
				CLANG_WARN_SUSPICIOUS_MOVE = YES;
				CLANG_WARN_UNGUARDED_AVAILABILITY = YES_AGGRESSIVE;
				CLANG_WARN_UNREACHABLE_CODE = YES;
				CLANG_WARN__DUPLICATE_METHOD_MATCH = YES;
				COPY_PHASE_STRIP = NO;
				DEBUG_INFORMATION_FORMAT = dwarf;
				ENABLE_STRICT_OBJC_MSGSEND = YES;
				ENABLE_TESTABILITY = YES;
				GCC_C_LANGUAGE_STANDARD = gnu11;
				GCC_DYNAMIC_NO_PIC = NO;
				GCC_NO_COMMON_BLOCKS = YES;
				GCC_OPTIMIZATION_LEVEL = 0;
				GCC_PREPROCESSOR_DEFINITIONS = (
					"DEBUG=1",
					"$(inherited)",
				);
				GCC_WARN_64_TO_32_BIT_CONVERSION = YES;
				GCC_WARN_ABOUT_RETURN_TYPE = YES_ERROR;
				GCC_WARN_UNDECLARED_SELECTOR = YES;
				GCC_WARN_UNINITIALIZED_AUTOS = YES_AGGRESSIVE;
				GCC_WARN_UNUSED_FUNCTION = YES;
				GCC_WARN_UNUSED_VARIABLE = YES;
				IPHONEOS_DEPLOYMENT_TARGET = 16.1;
				MTL_ENABLE_DEBUG_INFO = INCLUDE_SOURCE;
				MTL_FAST_MATH = YES;
				ONLY_ACTIVE_ARCH = YES;
				SDKROOT = iphoneos;
				SWIFT_ACTIVE_COMPILATION_CONDITIONS = DEBUG;
				SWIFT_OPTIMIZATION_LEVEL = "-Onone";
			};
			name = Debug;
		};
		D655E48E2B915A4C00F0FC35 /* Release */ = {
			isa = XCBuildConfiguration;
			buildSettings = {
				ALWAYS_SEARCH_USER_PATHS = NO;
				CLANG_ANALYZER_NONNULL = YES;
				CLANG_ANALYZER_NUMBER_OBJECT_CONVERSION = YES_AGGRESSIVE;
				CLANG_CXX_LANGUAGE_STANDARD = "gnu++20";
				CLANG_ENABLE_MODULES = YES;
				CLANG_ENABLE_OBJC_ARC = YES;
				CLANG_ENABLE_OBJC_WEAK = YES;
				CLANG_WARN_BLOCK_CAPTURE_AUTORELEASING = YES;
				CLANG_WARN_BOOL_CONVERSION = YES;
				CLANG_WARN_COMMA = YES;
				CLANG_WARN_CONSTANT_CONVERSION = YES;
				CLANG_WARN_DEPRECATED_OBJC_IMPLEMENTATIONS = YES;
				CLANG_WARN_DIRECT_OBJC_ISA_USAGE = YES_ERROR;
				CLANG_WARN_DOCUMENTATION_COMMENTS = YES;
				CLANG_WARN_EMPTY_BODY = YES;
				CLANG_WARN_ENUM_CONVERSION = YES;
				CLANG_WARN_INFINITE_RECURSION = YES;
				CLANG_WARN_INT_CONVERSION = YES;
				CLANG_WARN_NON_LITERAL_NULL_CONVERSION = YES;
				CLANG_WARN_OBJC_IMPLICIT_RETAIN_SELF = YES;
				CLANG_WARN_OBJC_LITERAL_CONVERSION = YES;
				CLANG_WARN_OBJC_ROOT_CLASS = YES_ERROR;
				CLANG_WARN_QUOTED_INCLUDE_IN_FRAMEWORK_HEADER = YES;
				CLANG_WARN_RANGE_LOOP_ANALYSIS = YES;
				CLANG_WARN_STRICT_PROTOTYPES = YES;
				CLANG_WARN_SUSPICIOUS_MOVE = YES;
				CLANG_WARN_UNGUARDED_AVAILABILITY = YES_AGGRESSIVE;
				CLANG_WARN_UNREACHABLE_CODE = YES;
				CLANG_WARN__DUPLICATE_METHOD_MATCH = YES;
				COPY_PHASE_STRIP = NO;
				DEBUG_INFORMATION_FORMAT = "dwarf-with-dsym";
				ENABLE_NS_ASSERTIONS = NO;
				ENABLE_STRICT_OBJC_MSGSEND = YES;
				GCC_C_LANGUAGE_STANDARD = gnu11;
				GCC_NO_COMMON_BLOCKS = YES;
				GCC_WARN_64_TO_32_BIT_CONVERSION = YES;
				GCC_WARN_ABOUT_RETURN_TYPE = YES_ERROR;
				GCC_WARN_UNDECLARED_SELECTOR = YES;
				GCC_WARN_UNINITIALIZED_AUTOS = YES_AGGRESSIVE;
				GCC_WARN_UNUSED_FUNCTION = YES;
				GCC_WARN_UNUSED_VARIABLE = YES;
				IPHONEOS_DEPLOYMENT_TARGET = 16.1;
				MTL_ENABLE_DEBUG_INFO = NO;
				MTL_FAST_MATH = YES;
				SDKROOT = iphoneos;
				SWIFT_COMPILATION_MODE = wholemodule;
				SWIFT_OPTIMIZATION_LEVEL = "-O";
				VALIDATE_PRODUCT = YES;
			};
			name = Release;
		};
		D655E4902B915A4C00F0FC35 /* Debug */ = {
			isa = XCBuildConfiguration;
			baseConfigurationReference = B3C56C4E18692CEEF40928CD /* Pods-Weather Tracking App.debug.xcconfig */;
			buildSettings = {
				ASSETCATALOG_COMPILER_APPICON_NAME = AppIcon;
				ASSETCATALOG_COMPILER_GLOBAL_ACCENT_COLOR_NAME = AccentColor;
				CODE_SIGN_STYLE = Automatic;
				CURRENT_PROJECT_VERSION = 1;
				DEVELOPMENT_TEAM = 7JBWAX3SM3;
				GENERATE_INFOPLIST_FILE = YES;
				INFOPLIST_FILE = "Weather Tracking App/Info.plist";
				INFOPLIST_KEY_UIApplicationSupportsIndirectInputEvents = YES;
				INFOPLIST_KEY_UILaunchStoryboardName = LaunchScreen;
				INFOPLIST_KEY_UIMainStoryboardFile = "";
				INFOPLIST_KEY_UISupportedInterfaceOrientations_iPad = "UIInterfaceOrientationPortrait UIInterfaceOrientationPortraitUpsideDown UIInterfaceOrientationLandscapeLeft UIInterfaceOrientationLandscapeRight";
				INFOPLIST_KEY_UISupportedInterfaceOrientations_iPhone = "UIInterfaceOrientationPortrait UIInterfaceOrientationLandscapeLeft UIInterfaceOrientationLandscapeRight";
				IPHONEOS_DEPLOYMENT_TARGET = 15.0;
				LD_RUNPATH_SEARCH_PATHS = (
					"$(inherited)",
					"@executable_path/Frameworks",
				);
				MARKETING_VERSION = 1.0;
				PRODUCT_BUNDLE_IDENTIFIER = "com.appempirelabs.weatherTrackingApp.Weather-Tracking-App";
				PRODUCT_NAME = "$(TARGET_NAME)";
				SWIFT_EMIT_LOC_STRINGS = YES;
				SWIFT_VERSION = 5.0;
				TARGETED_DEVICE_FAMILY = "1,2";
			};
			name = Debug;
		};
		D655E4912B915A4C00F0FC35 /* Release */ = {
			isa = XCBuildConfiguration;
			baseConfigurationReference = 05508A3854592FA251BEF970 /* Pods-Weather Tracking App.release.xcconfig */;
			buildSettings = {
				ASSETCATALOG_COMPILER_APPICON_NAME = AppIcon;
				ASSETCATALOG_COMPILER_GLOBAL_ACCENT_COLOR_NAME = AccentColor;
				CODE_SIGN_STYLE = Automatic;
				CURRENT_PROJECT_VERSION = 1;
				DEVELOPMENT_TEAM = 7JBWAX3SM3;
				GENERATE_INFOPLIST_FILE = YES;
				INFOPLIST_FILE = "Weather Tracking App/Info.plist";
				INFOPLIST_KEY_UIApplicationSupportsIndirectInputEvents = YES;
				INFOPLIST_KEY_UILaunchStoryboardName = LaunchScreen;
				INFOPLIST_KEY_UIMainStoryboardFile = "";
				INFOPLIST_KEY_UISupportedInterfaceOrientations_iPad = "UIInterfaceOrientationPortrait UIInterfaceOrientationPortraitUpsideDown UIInterfaceOrientationLandscapeLeft UIInterfaceOrientationLandscapeRight";
				INFOPLIST_KEY_UISupportedInterfaceOrientations_iPhone = "UIInterfaceOrientationPortrait UIInterfaceOrientationLandscapeLeft UIInterfaceOrientationLandscapeRight";
				IPHONEOS_DEPLOYMENT_TARGET = 15.0;
				LD_RUNPATH_SEARCH_PATHS = (
					"$(inherited)",
					"@executable_path/Frameworks",
				);
				MARKETING_VERSION = 1.0;
				PRODUCT_BUNDLE_IDENTIFIER = "com.appempirelabs.weatherTrackingApp.Weather-Tracking-App";
				PRODUCT_NAME = "$(TARGET_NAME)";
				SWIFT_EMIT_LOC_STRINGS = YES;
				SWIFT_VERSION = 5.0;
				TARGETED_DEVICE_FAMILY = "1,2";
			};
			name = Release;
		};
/* End XCBuildConfiguration section */

/* Begin XCConfigurationList section */
		55B000292B94F9810046256E /* Build configuration list for PBXNativeTarget "Weather Tracking AppTests" */ = {
			isa = XCConfigurationList;
			buildConfigurations = (
				55B0002A2B94F9810046256E /* Debug */,
				55B0002B2B94F9810046256E /* Release */,
			);
			defaultConfigurationIsVisible = 0;
			defaultConfigurationName = Release;
		};
		D655E4762B915A4B00F0FC35 /* Build configuration list for PBXProject "Weather Tracking App" */ = {
			isa = XCConfigurationList;
			buildConfigurations = (
				D655E48D2B915A4C00F0FC35 /* Debug */,
				D655E48E2B915A4C00F0FC35 /* Release */,
			);
			defaultConfigurationIsVisible = 0;
			defaultConfigurationName = Release;
		};
		D655E48F2B915A4C00F0FC35 /* Build configuration list for PBXNativeTarget "Weather Tracking App" */ = {
			isa = XCConfigurationList;
			buildConfigurations = (
				D655E4902B915A4C00F0FC35 /* Debug */,
				D655E4912B915A4C00F0FC35 /* Release */,
			);
			defaultConfigurationIsVisible = 0;
			defaultConfigurationName = Release;
		};
/* End XCConfigurationList section */

/* Begin XCRemoteSwiftPackageReference section */
		55E46B1D2B95004C00346890 /* XCRemoteSwiftPackageReference "Reachability" */ = {
			isa = XCRemoteSwiftPackageReference;
			repositoryURL = "https://github.com/ashleymills/Reachability.swift";
			requirement = {
				branch = master;
				kind = branch;
			};
		};
/* End XCRemoteSwiftPackageReference section */

/* Begin XCSwiftPackageProductDependency section */
		55E46B1E2B95004C00346890 /* Reachability */ = {
			isa = XCSwiftPackageProductDependency;
			package = 55E46B1D2B95004C00346890 /* XCRemoteSwiftPackageReference "Reachability" */;
			productName = Reachability;
		};
/* End XCSwiftPackageProductDependency section */
	};
	rootObject = D655E4732B915A4B00F0FC35 /* Project object */;
}
